
Microsoft Visual Studio Solution File, Format Version 12.00
# Visual Studio Version 16
VisualStudioVersion = 16.0.30717.126
MinimumVisualStudioVersion = 10.0.40219.1
Project("{FAE04EC0-301F-11D3-BF4B-00C04F79EFBC}") = "ПР7_Михайлов", "ПР7_Михайлов\ПР7_Михайлов.csproj", "{98960AC0-7FE6-4B20-8763-09F4B6906F1F}"
EndProject
Global
	GlobalSection(SolutionConfigurationPlatforms) = preSolution
		Debug|Any CPU = Debug|Any CPU
		Release|Any CPU = Release|Any CPU
	EndGlobalSection
	GlobalSection(ProjectConfigurationPlatforms) = postSolution
		{98960AC0-7FE6-4B20-8763-09F4B6906F1F}.Debug|Any CPU.ActiveCfg = Debug|Any CPU
		{98960AC0-7FE6-4B20-8763-09F4B6906F1F}.Debug|Any CPU.Build.0 = Debug|Any CPU
		{98960AC0-7FE6-4B20-8763-09F4B6906F1F}.Release|Any CPU.ActiveCfg = Release|Any CPU
		{98960AC0-7FE6-4B20-8763-09F4B6906F1F}.Release|Any CPU.Build.0 = Release|Any CPU
	EndGlobalSection
	GlobalSection(SolutionProperties) = preSolution
		HideSolutionNode = FALSE
	EndGlobalSection
	GlobalSection(ExtensibilityGlobals) = postSolution
		SolutionGuid = {E9423DE5-DCD6-4546-A5F4-ECD5D057B2FD}
	EndGlobalSection
EndGlobal
