
Microsoft Visual Studio Solution File, Format Version 12.00
# Visual Studio Version 16
VisualStudioVersion = 16.0.30717.126
MinimumVisualStudioVersion = 10.0.40219.1
Project("{FAE04EC0-301F-11D3-BF4B-00C04F79EFBC}") = "ПР6_Михайлов_1", "ПР6_Михайлов_1\ПР6_Михайлов_1.csproj", "{A735F7CC-F091-469A-87DB-7246F7A5F5E2}"
EndProject
Global
	GlobalSection(SolutionConfigurationPlatforms) = preSolution
		Debug|Any CPU = Debug|Any CPU
		Release|Any CPU = Release|Any CPU
	EndGlobalSection
	GlobalSection(ProjectConfigurationPlatforms) = postSolution
		{A735F7CC-F091-469A-87DB-7246F7A5F5E2}.Debug|Any CPU.ActiveCfg = Debug|Any CPU
		{A735F7CC-F091-469A-87DB-7246F7A5F5E2}.Debug|Any CPU.Build.0 = Debug|Any CPU
		{A735F7CC-F091-469A-87DB-7246F7A5F5E2}.Release|Any CPU.ActiveCfg = Release|Any CPU
		{A735F7CC-F091-469A-87DB-7246F7A5F5E2}.Release|Any CPU.Build.0 = Release|Any CPU
	EndGlobalSection
	GlobalSection(SolutionProperties) = preSolution
		HideSolutionNode = FALSE
	EndGlobalSection
	GlobalSection(ExtensibilityGlobals) = postSolution
		SolutionGuid = {152E2A6C-B342-4D35-88A1-84A73B008440}
	EndGlobalSection
EndGlobal
